// !$*UTF8*$!
{
	archiveVersion = 1;
	classes = {
	};
	objectVersion = 46;
	objects = {

/* Begin PBXBuildFile section */
		560A366B1EB1DD0300E4A33D /* TimeLineViewModel.swift in Sources */ = {isa = PBXBuildFile; fileRef = 560A366A1EB1DD0300E4A33D /* TimeLineViewModel.swift */; };
		560A366E1EB219FD00E4A33D /* Date+Extension.swift in Sources */ = {isa = PBXBuildFile; fileRef = 560A366D1EB219FD00E4A33D /* Date+Extension.swift */; };
		5628A9641EB3536D006FEE22 /* CommentViewController.swift in Sources */ = {isa = PBXBuildFile; fileRef = 5628A9631EB3536D006FEE22 /* CommentViewController.swift */; };
		5628A9661EB35581006FEE22 /* CommentViewModel.swift in Sources */ = {isa = PBXBuildFile; fileRef = 5628A9651EB35581006FEE22 /* CommentViewModel.swift */; };
		5628A9681EB370EC006FEE22 /* CommentViewDataSource.swift in Sources */ = {isa = PBXBuildFile; fileRef = 5628A9671EB370EC006FEE22 /* CommentViewDataSource.swift */; };
		564535141EB051B200E2E2E0 /* Tweet.swift in Sources */ = {isa = PBXBuildFile; fileRef = 564535131EB051B200E2E2E0 /* Tweet.swift */; };
		564535161EB051C100E2E2E0 /* Comment.swift in Sources */ = {isa = PBXBuildFile; fileRef = 564535151EB051C100E2E2E0 /* Comment.swift */; };
		566E9EED1EB456B1001746F9 /* CommentCell.swift in Sources */ = {isa = PBXBuildFile; fileRef = 566E9EEC1EB456B1001746F9 /* CommentCell.swift */; };
		566E9EEF1EB458DA001746F9 /* MakeCommentViewController.swift in Sources */ = {isa = PBXBuildFile; fileRef = 566E9EEE1EB458DA001746F9 /* MakeCommentViewController.swift */; };
		566E9EF11EB459B3001746F9 /* MakeCommentViewModel.swift in Sources */ = {isa = PBXBuildFile; fileRef = 566E9EF01EB459B3001746F9 /* MakeCommentViewModel.swift */; };
		56E400701EB0AD9A007130D6 /* MakeTweetViewModel.swift in Sources */ = {isa = PBXBuildFile; fileRef = 56E4006F1EB0AD9A007130D6 /* MakeTweetViewModel.swift */; };
		56FA77D61EAB28030087CB55 /* AppDelegate.swift in Sources */ = {isa = PBXBuildFile; fileRef = 56FA77D51EAB28030087CB55 /* AppDelegate.swift */; };
		56FA77D81EAB28030087CB55 /* TimeLineViewController.swift in Sources */ = {isa = PBXBuildFile; fileRef = 56FA77D71EAB28030087CB55 /* TimeLineViewController.swift */; };
		56FA77DD1EAB28030087CB55 /* Assets.xcassets in Resources */ = {isa = PBXBuildFile; fileRef = 56FA77DC1EAB28030087CB55 /* Assets.xcassets */; };
		56FA77E01EAB28030087CB55 /* LaunchScreen.storyboard in Resources */ = {isa = PBXBuildFile; fileRef = 56FA77DE1EAB28030087CB55 /* LaunchScreen.storyboard */; };
		56FA78071EAB33E80087CB55 /* TweetCell.swift in Sources */ = {isa = PBXBuildFile; fileRef = 56FA78061EAB33E80087CB55 /* TweetCell.swift */; };
		56FA780A1EAB52010087CB55 /* Realm.framework in Frameworks */ = {isa = PBXBuildFile; fileRef = 56FA78091EAB52010087CB55 /* Realm.framework */; };
		56FA780C1EAB52100087CB55 /* RealmSwift.framework in Frameworks */ = {isa = PBXBuildFile; fileRef = 56FA780B1EAB52100087CB55 /* RealmSwift.framework */; };
		56FA78161EAB52800087CB55 /* SnapKit.framework in Frameworks */ = {isa = PBXBuildFile; fileRef = 56FA78131EAB52800087CB55 /* SnapKit.framework */; };
		56FA78181EAB5FAF0087CB55 /* RxSwift.framework in Embed Frameworks */ = {isa = PBXBuildFile; fileRef = 56FA78111EAB52800087CB55 /* RxSwift.framework */; settings = {ATTRIBUTES = (CodeSignOnCopy, RemoveHeadersOnCopy, ); }; };
		56FA781D1EAB60320087CB55 /* SnapKit.framework in Embed Frameworks */ = {isa = PBXBuildFile; fileRef = 56FA78131EAB52800087CB55 /* SnapKit.framework */; settings = {ATTRIBUTES = (CodeSignOnCopy, RemoveHeadersOnCopy, ); }; };
		56FA781E1EAB60490087CB55 /* RxSwift.framework in Frameworks */ = {isa = PBXBuildFile; fileRef = 56FA78111EAB52800087CB55 /* RxSwift.framework */; };
		56FA78201EAB609A0087CB55 /* RxBlocking.framework in Frameworks */ = {isa = PBXBuildFile; fileRef = 56FA780F1EAB52670087CB55 /* RxBlocking.framework */; };
		56FA78211EAB609A0087CB55 /* RxBlocking.framework in Embed Frameworks */ = {isa = PBXBuildFile; fileRef = 56FA780F1EAB52670087CB55 /* RxBlocking.framework */; settings = {ATTRIBUTES = (CodeSignOnCopy, RemoveHeadersOnCopy, ); }; };
		56FA78241EAB610C0087CB55 /* RxCocoa.framework in Frameworks */ = {isa = PBXBuildFile; fileRef = 56FA780D1EAB522D0087CB55 /* RxCocoa.framework */; };
		56FA78251EAB610C0087CB55 /* RxCocoa.framework in Embed Frameworks */ = {isa = PBXBuildFile; fileRef = 56FA780D1EAB522D0087CB55 /* RxCocoa.framework */; settings = {ATTRIBUTES = (CodeSignOnCopy, RemoveHeadersOnCopy, ); }; };
		56FA78281EADAC8D0087CB55 /* MakeTweetViewController.swift in Sources */ = {isa = PBXBuildFile; fileRef = 56FA78271EADAC8D0087CB55 /* MakeTweetViewController.swift */; };
/* End PBXBuildFile section */

/* Begin PBXCopyFilesBuildPhase section */
		56FA78191EAB5FB00087CB55 /* Embed Frameworks */ = {
			isa = PBXCopyFilesBuildPhase;
			buildActionMask = 2147483647;
			dstPath = "";
			dstSubfolderSpec = 10;
			files = (
				56FA781D1EAB60320087CB55 /* SnapKit.framework in Embed Frameworks */,
				56FA78181EAB5FAF0087CB55 /* RxSwift.framework in Embed Frameworks */,
				56FA78251EAB610C0087CB55 /* RxCocoa.framework in Embed Frameworks */,
				56FA78211EAB609A0087CB55 /* RxBlocking.framework in Embed Frameworks */,
			);
			name = "Embed Frameworks";
			runOnlyForDeploymentPostprocessing = 0;
		};
/* End PBXCopyFilesBuildPhase section */

/* Begin PBXFileReference section */
		560A366A1EB1DD0300E4A33D /* TimeLineViewModel.swift */ = {isa = PBXFileReference; fileEncoding = 4; lastKnownFileType = sourcecode.swift; path = TimeLineViewModel.swift; sourceTree = "<group>"; };
		560A366D1EB219FD00E4A33D /* Date+Extension.swift */ = {isa = PBXFileReference; fileEncoding = 4; lastKnownFileType = sourcecode.swift; path = "Date+Extension.swift"; sourceTree = "<group>"; };
		5628A9631EB3536D006FEE22 /* CommentViewController.swift */ = {isa = PBXFileReference; fileEncoding = 4; lastKnownFileType = sourcecode.swift; path = CommentViewController.swift; sourceTree = "<group>"; };
		5628A9651EB35581006FEE22 /* CommentViewModel.swift */ = {isa = PBXFileReference; fileEncoding = 4; lastKnownFileType = sourcecode.swift; path = CommentViewModel.swift; sourceTree = "<group>"; };
		5628A9671EB370EC006FEE22 /* CommentViewDataSource.swift */ = {isa = PBXFileReference; fileEncoding = 4; lastKnownFileType = sourcecode.swift; path = CommentViewDataSource.swift; sourceTree = "<group>"; };
		564535131EB051B200E2E2E0 /* Tweet.swift */ = {isa = PBXFileReference; fileEncoding = 4; lastKnownFileType = sourcecode.swift; path = Tweet.swift; sourceTree = "<group>"; };
		564535151EB051C100E2E2E0 /* Comment.swift */ = {isa = PBXFileReference; fileEncoding = 4; lastKnownFileType = sourcecode.swift; path = Comment.swift; sourceTree = "<group>"; };
		566E9EEC1EB456B1001746F9 /* CommentCell.swift */ = {isa = PBXFileReference; fileEncoding = 4; lastKnownFileType = sourcecode.swift; path = CommentCell.swift; sourceTree = "<group>"; };
		566E9EEE1EB458DA001746F9 /* MakeCommentViewController.swift */ = {isa = PBXFileReference; fileEncoding = 4; lastKnownFileType = sourcecode.swift; path = MakeCommentViewController.swift; sourceTree = "<group>"; };
		566E9EF01EB459B3001746F9 /* MakeCommentViewModel.swift */ = {isa = PBXFileReference; fileEncoding = 4; lastKnownFileType = sourcecode.swift; path = MakeCommentViewModel.swift; sourceTree = "<group>"; };
		56E4006F1EB0AD9A007130D6 /* MakeTweetViewModel.swift */ = {isa = PBXFileReference; fileEncoding = 4; lastKnownFileType = sourcecode.swift; lineEnding = 0; path = MakeTweetViewModel.swift; sourceTree = "<group>"; xcLanguageSpecificationIdentifier = xcode.lang.swift; };
		56FA77D21EAB28030087CB55 /* Miyatter.app */ = {isa = PBXFileReference; explicitFileType = wrapper.application; includeInIndex = 0; path = Miyatter.app; sourceTree = BUILT_PRODUCTS_DIR; };
		56FA77D51EAB28030087CB55 /* AppDelegate.swift */ = {isa = PBXFileReference; lastKnownFileType = sourcecode.swift; path = AppDelegate.swift; sourceTree = "<group>"; };
		56FA77D71EAB28030087CB55 /* TimeLineViewController.swift */ = {isa = PBXFileReference; lastKnownFileType = sourcecode.swift; lineEnding = 0; path = TimeLineViewController.swift; sourceTree = "<group>"; xcLanguageSpecificationIdentifier = xcode.lang.swift; };
		56FA77DC1EAB28030087CB55 /* Assets.xcassets */ = {isa = PBXFileReference; lastKnownFileType = folder.assetcatalog; path = Assets.xcassets; sourceTree = "<group>"; };
		56FA77DF1EAB28030087CB55 /* Base */ = {isa = PBXFileReference; lastKnownFileType = file.storyboard; name = Base; path = Base.lproj/LaunchScreen.storyboard; sourceTree = "<group>"; };
		56FA77E11EAB28030087CB55 /* Info.plist */ = {isa = PBXFileReference; lastKnownFileType = text.plist.xml; path = Info.plist; sourceTree = "<group>"; };
		56FA78051EAB330E0087CB55 /* Miyatter.entitlements */ = {isa = PBXFileReference; lastKnownFileType = text.plist.entitlements; path = Miyatter.entitlements; sourceTree = "<group>"; };
		56FA78061EAB33E80087CB55 /* TweetCell.swift */ = {isa = PBXFileReference; fileEncoding = 4; lastKnownFileType = sourcecode.swift; path = TweetCell.swift; sourceTree = "<group>"; };
		56FA78091EAB52010087CB55 /* Realm.framework */ = {isa = PBXFileReference; lastKnownFileType = wrapper.framework; name = Realm.framework; path = Carthage/Build/iOS/Realm.framework; sourceTree = "<group>"; };
		56FA780B1EAB52100087CB55 /* RealmSwift.framework */ = {isa = PBXFileReference; lastKnownFileType = wrapper.framework; name = RealmSwift.framework; path = Carthage/Build/iOS/RealmSwift.framework; sourceTree = "<group>"; };
		56FA780D1EAB522D0087CB55 /* RxCocoa.framework */ = {isa = PBXFileReference; lastKnownFileType = wrapper.framework; name = RxCocoa.framework; path = Carthage/Build/iOS/RxCocoa.framework; sourceTree = "<group>"; };
		56FA780F1EAB52670087CB55 /* RxBlocking.framework */ = {isa = PBXFileReference; lastKnownFileType = wrapper.framework; name = RxBlocking.framework; path = Carthage/Build/iOS/RxBlocking.framework; sourceTree = "<group>"; };
		56FA78111EAB52800087CB55 /* RxSwift.framework */ = {isa = PBXFileReference; lastKnownFileType = wrapper.framework; name = RxSwift.framework; path = Carthage/Build/iOS/RxSwift.framework; sourceTree = "<group>"; };
		56FA78121EAB52800087CB55 /* RxTest.framework */ = {isa = PBXFileReference; lastKnownFileType = wrapper.framework; name = RxTest.framework; path = Carthage/Build/iOS/RxTest.framework; sourceTree = "<group>"; };
		56FA78131EAB52800087CB55 /* SnapKit.framework */ = {isa = PBXFileReference; lastKnownFileType = wrapper.framework; name = SnapKit.framework; path = Carthage/Build/iOS/SnapKit.framework; sourceTree = "<group>"; };
		56FA78271EADAC8D0087CB55 /* MakeTweetViewController.swift */ = {isa = PBXFileReference; fileEncoding = 4; lastKnownFileType = sourcecode.swift; lineEnding = 0; path = MakeTweetViewController.swift; sourceTree = "<group>"; xcLanguageSpecificationIdentifier = xcode.lang.swift; };
/* End PBXFileReference section */

/* Begin PBXFrameworksBuildPhase section */
		56FA77CF1EAB28030087CB55 /* Frameworks */ = {
			isa = PBXFrameworksBuildPhase;
			buildActionMask = 2147483647;
			files = (
				56FA78201EAB609A0087CB55 /* RxBlocking.framework in Frameworks */,
				56FA78241EAB610C0087CB55 /* RxCocoa.framework in Frameworks */,
				56FA781E1EAB60490087CB55 /* RxSwift.framework in Frameworks */,
				56FA78161EAB52800087CB55 /* SnapKit.framework in Frameworks */,
				56FA780C1EAB52100087CB55 /* RealmSwift.framework in Frameworks */,
				56FA780A1EAB52010087CB55 /* Realm.framework in Frameworks */,
			);
			runOnlyForDeploymentPostprocessing = 0;
		};
/* End PBXFrameworksBuildPhase section */

/* Begin PBXGroup section */
		560A366C1EB219D000E4A33D /* Extension */ = {
			isa = PBXGroup;
			children = (
				560A366D1EB219FD00E4A33D /* Date+Extension.swift */,
			);
			name = Extension;
			sourceTree = "<group>";
		};
		564535121EB051A200E2E2E0 /* Model */ = {
			isa = PBXGroup;
			children = (
				564535151EB051C100E2E2E0 /* Comment.swift */,
				564535131EB051B200E2E2E0 /* Tweet.swift */,
			);
			name = Model;
			sourceTree = "<group>";
		};
		56E4006E1EB0AC41007130D6 /* View Model */ = {
			isa = PBXGroup;
			children = (
				56E4006F1EB0AD9A007130D6 /* MakeTweetViewModel.swift */,
				560A366A1EB1DD0300E4A33D /* TimeLineViewModel.swift */,
				5628A9651EB35581006FEE22 /* CommentViewModel.swift */,
				566E9EF01EB459B3001746F9 /* MakeCommentViewModel.swift */,
			);
			name = "View Model";
			sourceTree = "<group>";
		};
		56FA77C91EAB28020087CB55 = {
			isa = PBXGroup;
			children = (
				56FA77D41EAB28030087CB55 /* Miyatter */,
				56FA77D31EAB28030087CB55 /* Products */,
				56FA78081EAB51FF0087CB55 /* Frameworks */,
			);
			sourceTree = "<group>";
		};
		56FA77D31EAB28030087CB55 /* Products */ = {
			isa = PBXGroup;
			children = (
				56FA77D21EAB28030087CB55 /* Miyatter.app */,
			);
			name = Products;
			sourceTree = "<group>";
		};
		56FA77D41EAB28030087CB55 /* Miyatter */ = {
			isa = PBXGroup;
			children = (
				5628A9671EB370EC006FEE22 /* CommentViewDataSource.swift */,
				560A366C1EB219D000E4A33D /* Extension */,
				56E4006E1EB0AC41007130D6 /* View Model */,
				564535121EB051A200E2E2E0 /* Model */,
				56FA78261EADAC330087CB55 /* View */,
				56FA78051EAB330E0087CB55 /* Miyatter.entitlements */,
				56FA77D51EAB28030087CB55 /* AppDelegate.swift */,
				56FA77DC1EAB28030087CB55 /* Assets.xcassets */,
				56FA77DE1EAB28030087CB55 /* LaunchScreen.storyboard */,
				56FA77E11EAB28030087CB55 /* Info.plist */,
			);
			path = Miyatter;
			sourceTree = "<group>";
		};
		56FA78081EAB51FF0087CB55 /* Frameworks */ = {
			isa = PBXGroup;
			children = (
				56FA78111EAB52800087CB55 /* RxSwift.framework */,
				56FA78121EAB52800087CB55 /* RxTest.framework */,
				56FA78131EAB52800087CB55 /* SnapKit.framework */,
				56FA780F1EAB52670087CB55 /* RxBlocking.framework */,
				56FA780D1EAB522D0087CB55 /* RxCocoa.framework */,
				56FA780B1EAB52100087CB55 /* RealmSwift.framework */,
				56FA78091EAB52010087CB55 /* Realm.framework */,
			);
			name = Frameworks;
			sourceTree = "<group>";
		};
		56FA78261EADAC330087CB55 /* View */ = {
			isa = PBXGroup;
			children = (
				56FA78061EAB33E80087CB55 /* TweetCell.swift */,
				566E9EEC1EB456B1001746F9 /* CommentCell.swift */,
				56FA77D71EAB28030087CB55 /* TimeLineViewController.swift */,
				56FA78271EADAC8D0087CB55 /* MakeTweetViewController.swift */,
				5628A9631EB3536D006FEE22 /* CommentViewController.swift */,
				566E9EEE1EB458DA001746F9 /* MakeCommentViewController.swift */,
			);
			name = View;
			sourceTree = "<group>";
		};
/* End PBXGroup section */

/* Begin PBXNativeTarget section */
		56FA77D11EAB28030087CB55 /* Miyatter */ = {
			isa = PBXNativeTarget;
			buildConfigurationList = 56FA77E41EAB28030087CB55 /* Build configuration list for PBXNativeTarget "Miyatter" */;
			buildPhases = (
				56FA77CE1EAB28030087CB55 /* Sources */,
				56FA77CF1EAB28030087CB55 /* Frameworks */,
				56FA77D01EAB28030087CB55 /* Resources */,
				56FA78191EAB5FB00087CB55 /* Embed Frameworks */,
				56FA78231EAB60B20087CB55 /* ShellScript */,
			);
			buildRules = (
			);
			dependencies = (
			);
			name = Miyatter;
			productName = Miyatter;
			productReference = 56FA77D21EAB28030087CB55 /* Miyatter.app */;
			productType = "com.apple.product-type.application";
		};
/* End PBXNativeTarget section */

/* Begin PBXProject section */
		56FA77CA1EAB28020087CB55 /* Project object */ = {
			isa = PBXProject;
			attributes = {
				LastSwiftUpdateCheck = 0820;
				LastUpgradeCheck = 0820;
				ORGANIZATIONNAME = miyacc;
				TargetAttributes = {
					56FA77D11EAB28030087CB55 = {
						CreatedOnToolsVersion = 8.2.1;
						DevelopmentTeam = HTFC4N8E3Z;
						ProvisioningStyle = Automatic;
						SystemCapabilities = {
							com.apple.Keychain = {
								enabled = 1;
							};
						};
					};
				};
			};
			buildConfigurationList = 56FA77CD1EAB28020087CB55 /* Build configuration list for PBXProject "Miyatter" */;
			compatibilityVersion = "Xcode 3.2";
			developmentRegion = English;
			hasScannedForEncodings = 0;
			knownRegions = (
				en,
				Base,
			);
			mainGroup = 56FA77C91EAB28020087CB55;
			productRefGroup = 56FA77D31EAB28030087CB55 /* Products */;
			projectDirPath = "";
			projectRoot = "";
			targets = (
				56FA77D11EAB28030087CB55 /* Miyatter */,
			);
		};
/* End PBXProject section */

/* Begin PBXResourcesBuildPhase section */
		56FA77D01EAB28030087CB55 /* Resources */ = {
			isa = PBXResourcesBuildPhase;
			buildActionMask = 2147483647;
			files = (
				56FA77E01EAB28030087CB55 /* LaunchScreen.storyboard in Resources */,
				56FA77DD1EAB28030087CB55 /* Assets.xcassets in Resources */,
			);
			runOnlyForDeploymentPostprocessing = 0;
		};
/* End PBXResourcesBuildPhase section */

/* Begin PBXShellScriptBuildPhase section */
		56FA78231EAB60B20087CB55 /* ShellScript */ = {
			isa = PBXShellScriptBuildPhase;
			buildActionMask = 2147483647;
			files = (
			);
			inputPaths = (
				"$(SRCROOT)/Carthage/Build/iOS/Realm.framework",
				"$(SRCROOT)/Carthage/Build/iOS/RealmSwift.framework",
			);
			outputPaths = (
			);
			runOnlyForDeploymentPostprocessing = 0;
			shellPath = /bin/sh;
			shellScript = "/usr/local/bin/carthage copy-frameworks";
		};
/* End PBXShellScriptBuildPhase section */

/* Begin PBXSourcesBuildPhase section */
		56FA77CE1EAB28030087CB55 /* Sources */ = {
			isa = PBXSourcesBuildPhase;
			buildActionMask = 2147483647;
			files = (
				566E9EF11EB459B3001746F9 /* MakeCommentViewModel.swift in Sources */,
				566E9EED1EB456B1001746F9 /* CommentCell.swift in Sources */,
				5628A9641EB3536D006FEE22 /* CommentViewController.swift in Sources */,
				56FA77D81EAB28030087CB55 /* TimeLineViewController.swift in Sources */,
				56E400701EB0AD9A007130D6 /* MakeTweetViewModel.swift in Sources */,
				566E9EEF1EB458DA001746F9 /* MakeCommentViewController.swift in Sources */,
				564535161EB051C100E2E2E0 /* Comment.swift in Sources */,
				564535141EB051B200E2E2E0 /* Tweet.swift in Sources */,
				5628A9661EB35581006FEE22 /* CommentViewModel.swift in Sources */,
				56FA77D61EAB28030087CB55 /* AppDelegate.swift in Sources */,
				5628A9681EB370EC006FEE22 /* CommentViewDataSource.swift in Sources */,
				560A366B1EB1DD0300E4A33D /* TimeLineViewModel.swift in Sources */,
				56FA78281EADAC8D0087CB55 /* MakeTweetViewController.swift in Sources */,
				56FA78071EAB33E80087CB55 /* TweetCell.swift in Sources */,
				560A366E1EB219FD00E4A33D /* Date+Extension.swift in Sources */,
			);
			runOnlyForDeploymentPostprocessing = 0;
		};
/* End PBXSourcesBuildPhase section */

/* Begin PBXVariantGroup section */
		56FA77DE1EAB28030087CB55 /* LaunchScreen.storyboard */ = {
			isa = PBXVariantGroup;
			children = (
				56FA77DF1EAB28030087CB55 /* Base */,
			);
			name = LaunchScreen.storyboard;
			sourceTree = "<group>";
		};
/* End PBXVariantGroup section */

/* Begin XCBuildConfiguration section */
		56FA77E21EAB28030087CB55 /* Debug */ = {
			isa = XCBuildConfiguration;
			buildSettings = {
				ALWAYS_SEARCH_USER_PATHS = NO;
				CLANG_ANALYZER_NONNULL = YES;
				CLANG_CXX_LANGUAGE_STANDARD = "gnu++0x";
				CLANG_CXX_LIBRARY = "libc++";
				CLANG_ENABLE_MODULES = YES;
				CLANG_ENABLE_OBJC_ARC = YES;
				CLANG_WARN_BOOL_CONVERSION = YES;
				CLANG_WARN_CONSTANT_CONVERSION = YES;
				CLANG_WARN_DIRECT_OBJC_ISA_USAGE = YES_ERROR;
				CLANG_WARN_DOCUMENTATION_COMMENTS = YES;
				CLANG_WARN_EMPTY_BODY = YES;
				CLANG_WARN_ENUM_CONVERSION = YES;
				CLANG_WARN_INFINITE_RECURSION = YES;
				CLANG_WARN_INT_CONVERSION = YES;
				CLANG_WARN_OBJC_ROOT_CLASS = YES_ERROR;
				CLANG_WARN_SUSPICIOUS_MOVE = YES;
				CLANG_WARN_UNREACHABLE_CODE = YES;
				CLANG_WARN__DUPLICATE_METHOD_MATCH = YES;
				"CODE_SIGN_IDENTITY[sdk=iphoneos*]" = "iPhone Developer";
				COPY_PHASE_STRIP = NO;
				DEBUG_INFORMATION_FORMAT = dwarf;
				ENABLE_STRICT_OBJC_MSGSEND = YES;
				ENABLE_TESTABILITY = YES;
				GCC_C_LANGUAGE_STANDARD = gnu99;
				GCC_DYNAMIC_NO_PIC = NO;
				GCC_NO_COMMON_BLOCKS = YES;
				GCC_OPTIMIZATION_LEVEL = 0;
				GCC_PREPROCESSOR_DEFINITIONS = (
					"DEBUG=1",
					"$(inherited)",
				);
				GCC_WARN_64_TO_32_BIT_CONVERSION = YES;
				GCC_WARN_ABOUT_RETURN_TYPE = YES_ERROR;
				GCC_WARN_UNDECLARED_SELECTOR = YES;
				GCC_WARN_UNINITIALIZED_AUTOS = YES_AGGRESSIVE;
				GCC_WARN_UNUSED_FUNCTION = YES;
				GCC_WARN_UNUSED_VARIABLE = YES;
				IPHONEOS_DEPLOYMENT_TARGET = 10.2;
				MTL_ENABLE_DEBUG_INFO = YES;
				ONLY_ACTIVE_ARCH = YES;
				SDKROOT = iphoneos;
				SWIFT_ACTIVE_COMPILATION_CONDITIONS = DEBUG;
				SWIFT_OPTIMIZATION_LEVEL = "-Onone";
				TARGETED_DEVICE_FAMILY = "1,2";
			};
			name = Debug;
		};
		56FA77E31EAB28030087CB55 /* Release */ = {
			isa = XCBuildConfiguration;
			buildSettings = {
				ALWAYS_SEARCH_USER_PATHS = NO;
				CLANG_ANALYZER_NONNULL = YES;
				CLANG_CXX_LANGUAGE_STANDARD = "gnu++0x";
				CLANG_CXX_LIBRARY = "libc++";
				CLANG_ENABLE_MODULES = YES;
				CLANG_ENABLE_OBJC_ARC = YES;
				CLANG_WARN_BOOL_CONVERSION = YES;
				CLANG_WARN_CONSTANT_CONVERSION = YES;
				CLANG_WARN_DIRECT_OBJC_ISA_USAGE = YES_ERROR;
				CLANG_WARN_DOCUMENTATION_COMMENTS = YES;
				CLANG_WARN_EMPTY_BODY = YES;
				CLANG_WARN_ENUM_CONVERSION = YES;
				CLANG_WARN_INFINITE_RECURSION = YES;
				CLANG_WARN_INT_CONVERSION = YES;
				CLANG_WARN_OBJC_ROOT_CLASS = YES_ERROR;
				CLANG_WARN_SUSPICIOUS_MOVE = YES;
				CLANG_WARN_UNREACHABLE_CODE = YES;
				CLANG_WARN__DUPLICATE_METHOD_MATCH = YES;
				"CODE_SIGN_IDENTITY[sdk=iphoneos*]" = "iPhone Developer";
				COPY_PHASE_STRIP = NO;
				DEBUG_INFORMATION_FORMAT = "dwarf-with-dsym";
				ENABLE_NS_ASSERTIONS = NO;
				ENABLE_STRICT_OBJC_MSGSEND = YES;
				GCC_C_LANGUAGE_STANDARD = gnu99;
				GCC_NO_COMMON_BLOCKS = YES;
				GCC_WARN_64_TO_32_BIT_CONVERSION = YES;
				GCC_WARN_ABOUT_RETURN_TYPE = YES_ERROR;
				GCC_WARN_UNDECLARED_SELECTOR = YES;
				GCC_WARN_UNINITIALIZED_AUTOS = YES_AGGRESSIVE;
				GCC_WARN_UNUSED_FUNCTION = YES;
				GCC_WARN_UNUSED_VARIABLE = YES;
				IPHONEOS_DEPLOYMENT_TARGET = 10.2;
				MTL_ENABLE_DEBUG_INFO = NO;
				SDKROOT = iphoneos;
				SWIFT_OPTIMIZATION_LEVEL = "-Owholemodule";
				TARGETED_DEVICE_FAMILY = "1,2";
				VALIDATE_PRODUCT = YES;
			};
			name = Release;
		};
		56FA77E51EAB28030087CB55 /* Debug */ = {
			isa = XCBuildConfiguration;
			buildSettings = {
				ASSETCATALOG_COMPILER_APPICON_NAME = AppIcon;
				CODE_SIGN_ENTITLEMENTS = Miyatter/Miyatter.entitlements;
				DEVELOPMENT_TEAM = HTFC4N8E3Z;
				FRAMEWORK_SEARCH_PATHS = (
					"$(inherited)",
					"$(PROJECT_DIR)/Carthage/Build/iOS",
				);
				INFOPLIST_FILE = Miyatter/Info.plist;
				LD_RUNPATH_SEARCH_PATHS = "$(inherited) @executable_path/Frameworks";
				PRODUCT_BUNDLE_IDENTIFIER = miyacc.Miyatter;
				PRODUCT_NAME = "$(TARGET_NAME)";
				SWIFT_VERSION = 3.0;
			};
			name = Debug;
		};
		56FA77E61EAB28030087CB55 /* Release */ = {
			isa = XCBuildConfiguration;
			buildSettings = {
				ASSETCATALOG_COMPILER_APPICON_NAME = AppIcon;
				CODE_SIGN_ENTITLEMENTS = Miyatter/Miyatter.entitlements;
				DEVELOPMENT_TEAM = HTFC4N8E3Z;
				FRAMEWORK_SEARCH_PATHS = (
					"$(inherited)",
					"$(PROJECT_DIR)/Carthage/Build/iOS",
				);
				INFOPLIST_FILE = Miyatter/Info.plist;
				LD_RUNPATH_SEARCH_PATHS = "$(inherited) @executable_path/Frameworks";
				PRODUCT_BUNDLE_IDENTIFIER = miyacc.Miyatter;
				PRODUCT_NAME = "$(TARGET_NAME)";
				SWIFT_VERSION = 3.0;
			};
			name = Release;
		};
/* End XCBuildConfiguration section */

/* Begin XCConfigurationList section */
		56FA77CD1EAB28020087CB55 /* Build configuration list for PBXProject "Miyatter" */ = {
			isa = XCConfigurationList;
			buildConfigurations = (
				56FA77E21EAB28030087CB55 /* Debug */,
				56FA77E31EAB28030087CB55 /* Release */,
			);
			defaultConfigurationIsVisible = 0;
			defaultConfigurationName = Release;
		};
		56FA77E41EAB28030087CB55 /* Build configuration list for PBXNativeTarget "Miyatter" */ = {
			isa = XCConfigurationList;
			buildConfigurations = (
				56FA77E51EAB28030087CB55 /* Debug */,
				56FA77E61EAB28030087CB55 /* Release */,
			);
			defaultConfigurationIsVisible = 0;
			defaultConfigurationName = Release;
		};
/* End XCConfigurationList section */
	};
	rootObject = 56FA77CA1EAB28020087CB55 /* Project object */;
}
